
Microsoft Visual Studio Solution File, Format Version 12.00
# Visual Studio Version 17
VisualStudioVersion = 17.1.32210.238
MinimumVisualStudioVersion = 10.0.40219.1
Project("{FAE04EC0-301F-11D3-BF4B-00C04F79EFBC}") = "ShopBridge", "ShopBridge\ShopBridge.csproj", "{002BAB82-DC3F-4AE9-9D81-F59B1D48488B}"
EndProject
Global
	GlobalSection(SolutionConfigurationPlatforms) = preSolution
		Debug|Any CPU = Debug|Any CPU
		Release|Any CPU = Release|Any CPU
	EndGlobalSection
	GlobalSection(ProjectConfigurationPlatforms) = postSolution
		{002BAB82-DC3F-4AE9-9D81-F59B1D48488B}.Debug|Any CPU.ActiveCfg = Debug|Any CPU
		{002BAB82-DC3F-4AE9-9D81-F59B1D48488B}.Debug|Any CPU.Build.0 = Debug|Any CPU
		{002BAB82-DC3F-4AE9-9D81-F59B1D48488B}.Release|Any CPU.ActiveCfg = Release|Any CPU
		{002BAB82-DC3F-4AE9-9D81-F59B1D48488B}.Release|Any CPU.Build.0 = Release|Any CPU
	EndGlobalSection
	GlobalSection(SolutionProperties) = preSolution
		HideSolutionNode = FALSE
	EndGlobalSection
	GlobalSection(ExtensibilityGlobals) = postSolution
		SolutionGuid = {7EEC85C8-1EF1-4102-A966-9BFF950627F7}
	EndGlobalSection
EndGlobal
